// !$*UTF8*$!
{
	archiveVersion = 1;
	classes = {
	};
	objectVersion = 50;
	objects = {

/* Begin PBXBuildFile section */
		CD0D00EF25EA32DE004F5AD1 /* AppDelegate.swift in Sources */ = {isa = PBXBuildFile; fileRef = CD0D00EE25EA32DE004F5AD1 /* AppDelegate.swift */; };
		CD0D00F125EA32DE004F5AD1 /* SceneDelegate.swift in Sources */ = {isa = PBXBuildFile; fileRef = CD0D00F025EA32DE004F5AD1 /* SceneDelegate.swift */; };
		CD0D00F825EA32E0004F5AD1 /* Assets.xcassets in Resources */ = {isa = PBXBuildFile; fileRef = CD0D00F725EA32E0004F5AD1 /* Assets.xcassets */; };
		CD0D00FB25EA32E0004F5AD1 /* LaunchScreen.storyboard in Resources */ = {isa = PBXBuildFile; fileRef = CD0D00F925EA32E0004F5AD1 /* LaunchScreen.storyboard */; };
		CDCEC65525EC12DF00E3AD3E /* Itim-Regular.ttf in Resources */ = {isa = PBXBuildFile; fileRef = CDCEC65325EC12DF00E3AD3E /* Itim-Regular.ttf */; };
		CDCEC65625EC12DF00E3AD3E /* OFL.txt in Resources */ = {isa = PBXBuildFile; fileRef = CDCEC65425EC12DF00E3AD3E /* OFL.txt */; };
		CDCEC65925EC13B200E3AD3E /* UIFont+Extension.swift in Sources */ = {isa = PBXBuildFile; fileRef = CDCEC65825EC13B200E3AD3E /* UIFont+Extension.swift */; };
		CDCEC65E25EC151100E3AD3E /* CustomHttpError.swift in Sources */ = {isa = PBXBuildFile; fileRef = CDCEC65D25EC151100E3AD3E /* CustomHttpError.swift */; };
		CDCEC66125EC156E00E3AD3E /* UIViewController+Extension.swift in Sources */ = {isa = PBXBuildFile; fileRef = CDCEC66025EC156E00E3AD3E /* UIViewController+Extension.swift */; };
		CDCEC66725EC164300E3AD3E /* NetworkManager.swift in Sources */ = {isa = PBXBuildFile; fileRef = CDCEC66625EC164300E3AD3E /* NetworkManager.swift */; };
		CDCEC66E25EC16AF00E3AD3E /* RequestType.swift in Sources */ = {isa = PBXBuildFile; fileRef = CDCEC66D25EC16AF00E3AD3E /* RequestType.swift */; };
		CDCEC67225EC20AF00E3AD3E /* JsonDecoder+Extension.swift in Sources */ = {isa = PBXBuildFile; fileRef = CDCEC67125EC20AF00E3AD3E /* JsonDecoder+Extension.swift */; };
		CDCEC67825EC249F00E3AD3E /* UnknownError.swift in Sources */ = {isa = PBXBuildFile; fileRef = CDCEC67725EC249F00E3AD3E /* UnknownError.swift */; };
		CDCEC67D25EC27D300E3AD3E /* DashboardViewController.swift in Sources */ = {isa = PBXBuildFile; fileRef = CDCEC67C25EC27D300E3AD3E /* DashboardViewController.swift */; };
/* End PBXBuildFile section */

/* Begin PBXFileReference section */
		CD0D00EB25EA32DE004F5AD1 /* uLessoniOS.app */ = {isa = PBXFileReference; explicitFileType = wrapper.application; includeInIndex = 0; path = uLessoniOS.app; sourceTree = BUILT_PRODUCTS_DIR; };
		CD0D00EE25EA32DE004F5AD1 /* AppDelegate.swift */ = {isa = PBXFileReference; lastKnownFileType = sourcecode.swift; path = AppDelegate.swift; sourceTree = "<group>"; };
		CD0D00F025EA32DE004F5AD1 /* SceneDelegate.swift */ = {isa = PBXFileReference; lastKnownFileType = sourcecode.swift; path = SceneDelegate.swift; sourceTree = "<group>"; };
		CD0D00F725EA32E0004F5AD1 /* Assets.xcassets */ = {isa = PBXFileReference; lastKnownFileType = folder.assetcatalog; path = Assets.xcassets; sourceTree = "<group>"; };
		CD0D00FA25EA32E0004F5AD1 /* Base */ = {isa = PBXFileReference; lastKnownFileType = file.storyboard; name = Base; path = Base.lproj/LaunchScreen.storyboard; sourceTree = "<group>"; };
		CD0D00FC25EA32E0004F5AD1 /* Info.plist */ = {isa = PBXFileReference; lastKnownFileType = text.plist.xml; path = Info.plist; sourceTree = "<group>"; };
		CDCEC65325EC12DF00E3AD3E /* Itim-Regular.ttf */ = {isa = PBXFileReference; lastKnownFileType = file; path = "Itim-Regular.ttf"; sourceTree = "<group>"; };
		CDCEC65425EC12DF00E3AD3E /* OFL.txt */ = {isa = PBXFileReference; fileEncoding = 4; lastKnownFileType = text; path = OFL.txt; sourceTree = "<group>"; };
		CDCEC65825EC13B200E3AD3E /* UIFont+Extension.swift */ = {isa = PBXFileReference; lastKnownFileType = sourcecode.swift; path = "UIFont+Extension.swift"; sourceTree = "<group>"; };
		CDCEC65D25EC151100E3AD3E /* CustomHttpError.swift */ = {isa = PBXFileReference; fileEncoding = 4; lastKnownFileType = sourcecode.swift; path = CustomHttpError.swift; sourceTree = "<group>"; };
		CDCEC66025EC156E00E3AD3E /* UIViewController+Extension.swift */ = {isa = PBXFileReference; fileEncoding = 4; lastKnownFileType = sourcecode.swift; path = "UIViewController+Extension.swift"; sourceTree = "<group>"; };
		CDCEC66625EC164300E3AD3E /* NetworkManager.swift */ = {isa = PBXFileReference; fileEncoding = 4; lastKnownFileType = sourcecode.swift; path = NetworkManager.swift; sourceTree = "<group>"; };
		CDCEC66D25EC16AF00E3AD3E /* RequestType.swift */ = {isa = PBXFileReference; lastKnownFileType = sourcecode.swift; path = RequestType.swift; sourceTree = "<group>"; };
		CDCEC67125EC20AF00E3AD3E /* JsonDecoder+Extension.swift */ = {isa = PBXFileReference; lastKnownFileType = sourcecode.swift; path = "JsonDecoder+Extension.swift"; sourceTree = "<group>"; };
		CDCEC67725EC249F00E3AD3E /* UnknownError.swift */ = {isa = PBXFileReference; lastKnownFileType = sourcecode.swift; path = UnknownError.swift; sourceTree = "<group>"; };
		CDCEC67C25EC27D300E3AD3E /* DashboardViewController.swift */ = {isa = PBXFileReference; lastKnownFileType = sourcecode.swift; path = DashboardViewController.swift; sourceTree = "<group>"; };
/* End PBXFileReference section */

/* Begin PBXFrameworksBuildPhase section */
		CD0D00E825EA32DE004F5AD1 /* Frameworks */ = {
			isa = PBXFrameworksBuildPhase;
			buildActionMask = 2147483647;
			files = (
			);
			runOnlyForDeploymentPostprocessing = 0;
		};
/* End PBXFrameworksBuildPhase section */

/* Begin PBXGroup section */
		CD0D00E225EA32DE004F5AD1 = {
			isa = PBXGroup;
			children = (
				CD0D00ED25EA32DE004F5AD1 /* uLessoniOS */,
				CD0D00EC25EA32DE004F5AD1 /* Products */,
			);
			sourceTree = "<group>";
		};
		CD0D00EC25EA32DE004F5AD1 /* Products */ = {
			isa = PBXGroup;
			children = (
				CD0D00EB25EA32DE004F5AD1 /* uLessoniOS.app */,
			);
			name = Products;
			sourceTree = "<group>";
		};
		CD0D00ED25EA32DE004F5AD1 /* uLessoniOS */ = {
			isa = PBXGroup;
			children = (
				CDCEC64E25EC129400E3AD3E /* main */,
				CDCEC64C25EC123A00E3AD3E /* assets */,
				CDCEC64825EC121A00E3AD3E /* app */,
				CD0D00FC25EA32E0004F5AD1 /* Info.plist */,
			);
			path = uLessoniOS;
			sourceTree = "<group>";
		};
		CDCEC64825EC121A00E3AD3E /* app */ = {
			isa = PBXGroup;
			children = (
				CD0D00F925EA32E0004F5AD1 /* LaunchScreen.storyboard */,
				CD0D00EE25EA32DE004F5AD1 /* AppDelegate.swift */,
				CD0D00F025EA32DE004F5AD1 /* SceneDelegate.swift */,
			);
			path = app;
			sourceTree = "<group>";
		};
		CDCEC64C25EC123A00E3AD3E /* assets */ = {
			isa = PBXGroup;
			children = (
				CDCEC64D25EC124800E3AD3E /* font */,
				CD0D00F725EA32E0004F5AD1 /* Assets.xcassets */,
			);
			path = assets;
			sourceTree = "<group>";
		};
		CDCEC64D25EC124800E3AD3E /* font */ = {
			isa = PBXGroup;
			children = (
				CDCEC65225EC12DF00E3AD3E /* Itim */,
			);
			path = font;
			sourceTree = "<group>";
		};
		CDCEC64E25EC129400E3AD3E /* main */ = {
			isa = PBXGroup;
			children = (
				CDCEC65C25EC14FE00E3AD3E /* custom */,
				CDCEC65125EC12BA00E3AD3E /* extensions */,
				CDCEC65025EC12B200E3AD3E /* module */,
				CDCEC64F25EC12A400E3AD3E /* network */,
			);
			path = main;
			sourceTree = "<group>";
		};
		CDCEC64F25EC12A400E3AD3E /* network */ = {
			isa = PBXGroup;
			children = (
				CDCEC66625EC164300E3AD3E /* NetworkManager.swift */,
			);
			path = network;
			sourceTree = "<group>";
		};
		CDCEC65025EC12B200E3AD3E /* module */ = {
			isa = PBXGroup;
			children = (
				CDCEC67B25EC27B000E3AD3E /* Dashboard */,
			);
			path = module;
			sourceTree = "<group>";
		};
		CDCEC65125EC12BA00E3AD3E /* extensions */ = {
			isa = PBXGroup;
			children = (
				CDCEC66025EC156E00E3AD3E /* UIViewController+Extension.swift */,
				CDCEC65825EC13B200E3AD3E /* UIFont+Extension.swift */,
				CDCEC67125EC20AF00E3AD3E /* JsonDecoder+Extension.swift */,
			);
			path = extensions;
			sourceTree = "<group>";
		};
		CDCEC65225EC12DF00E3AD3E /* Itim */ = {
			isa = PBXGroup;
			children = (
				CDCEC65325EC12DF00E3AD3E /* Itim-Regular.ttf */,
				CDCEC65425EC12DF00E3AD3E /* OFL.txt */,
			);
			path = Itim;
			sourceTree = "<group>";
		};
		CDCEC65C25EC14FE00E3AD3E /* custom */ = {
			isa = PBXGroup;
			children = (
				CDCEC66C25EC169400E3AD3E /* enum */,
				CDCEC66B25EC168500E3AD3E /* class */,
			);
			path = custom;
			sourceTree = "<group>";
		};
		CDCEC66B25EC168500E3AD3E /* class */ = {
			isa = PBXGroup;
			children = (
			);
			path = class;
			sourceTree = "<group>";
		};
		CDCEC66C25EC169400E3AD3E /* enum */ = {
			isa = PBXGroup;
			children = (
				CDCEC65D25EC151100E3AD3E /* CustomHttpError.swift */,
				CDCEC66D25EC16AF00E3AD3E /* RequestType.swift */,
				CDCEC67725EC249F00E3AD3E /* UnknownError.swift */,
			);
			path = enum;
			sourceTree = "<group>";
		};
		CDCEC67B25EC27B000E3AD3E /* Dashboard */ = {
			isa = PBXGroup;
			children = (
				CDCEC67C25EC27D300E3AD3E /* DashboardViewController.swift */,
			);
			path = Dashboard;
			sourceTree = "<group>";
		};
/* End PBXGroup section */

/* Begin PBXNativeTarget section */
		CD0D00EA25EA32DE004F5AD1 /* uLessoniOS */ = {
			isa = PBXNativeTarget;
			buildConfigurationList = CD0D00FF25EA32E0004F5AD1 /* Build configuration list for PBXNativeTarget "uLessoniOS" */;
			buildPhases = (
				CD0D00E725EA32DE004F5AD1 /* Sources */,
				CD0D00E825EA32DE004F5AD1 /* Frameworks */,
				CD0D00E925EA32DE004F5AD1 /* Resources */,
			);
			buildRules = (
			);
			dependencies = (
			);
			name = uLessoniOS;
			productName = uLessoniOS;
			productReference = CD0D00EB25EA32DE004F5AD1 /* uLessoniOS.app */;
			productType = "com.apple.product-type.application";
		};
/* End PBXNativeTarget section */

/* Begin PBXProject section */
		CD0D00E325EA32DE004F5AD1 /* Project object */ = {
			isa = PBXProject;
			attributes = {
				LastSwiftUpdateCheck = 1200;
				LastUpgradeCheck = 1200;
				TargetAttributes = {
					CD0D00EA25EA32DE004F5AD1 = {
						CreatedOnToolsVersion = 12.0.1;
					};
				};
			};
			buildConfigurationList = CD0D00E625EA32DE004F5AD1 /* Build configuration list for PBXProject "uLessoniOS" */;
			compatibilityVersion = "Xcode 9.3";
			developmentRegion = en;
			hasScannedForEncodings = 0;
			knownRegions = (
				en,
				Base,
			);
			mainGroup = CD0D00E225EA32DE004F5AD1;
			productRefGroup = CD0D00EC25EA32DE004F5AD1 /* Products */;
			projectDirPath = "";
			projectRoot = "";
			targets = (
				CD0D00EA25EA32DE004F5AD1 /* uLessoniOS */,
			);
		};
/* End PBXProject section */

/* Begin PBXResourcesBuildPhase section */
		CD0D00E925EA32DE004F5AD1 /* Resources */ = {
			isa = PBXResourcesBuildPhase;
			buildActionMask = 2147483647;
			files = (
				CDCEC65525EC12DF00E3AD3E /* Itim-Regular.ttf in Resources */,
				CD0D00FB25EA32E0004F5AD1 /* LaunchScreen.storyboard in Resources */,
				CDCEC65625EC12DF00E3AD3E /* OFL.txt in Resources */,
				CD0D00F825EA32E0004F5AD1 /* Assets.xcassets in Resources */,
			);
			runOnlyForDeploymentPostprocessing = 0;
		};
/* End PBXResourcesBuildPhase section */

/* Begin PBXSourcesBuildPhase section */
		CD0D00E725EA32DE004F5AD1 /* Sources */ = {
			isa = PBXSourcesBuildPhase;
			buildActionMask = 2147483647;
			files = (
				CDCEC66725EC164300E3AD3E /* NetworkManager.swift in Sources */,
				CDCEC65925EC13B200E3AD3E /* UIFont+Extension.swift in Sources */,
				CDCEC66E25EC16AF00E3AD3E /* RequestType.swift in Sources */,
				CDCEC65E25EC151100E3AD3E /* CustomHttpError.swift in Sources */,
				CDCEC67825EC249F00E3AD3E /* UnknownError.swift in Sources */,
				CD0D00EF25EA32DE004F5AD1 /* AppDelegate.swift in Sources */,
				CDCEC66125EC156E00E3AD3E /* UIViewController+Extension.swift in Sources */,
				CDCEC67D25EC27D300E3AD3E /* DashboardViewController.swift in Sources */,
				CDCEC67225EC20AF00E3AD3E /* JsonDecoder+Extension.swift in Sources */,
				CD0D00F125EA32DE004F5AD1 /* SceneDelegate.swift in Sources */,
			);
			runOnlyForDeploymentPostprocessing = 0;
		};
/* End PBXSourcesBuildPhase section */

/* Begin PBXVariantGroup section */
		CD0D00F925EA32E0004F5AD1 /* LaunchScreen.storyboard */ = {
			isa = PBXVariantGroup;
			children = (
				CD0D00FA25EA32E0004F5AD1 /* Base */,
			);
			name = LaunchScreen.storyboard;
			sourceTree = "<group>";
		};
/* End PBXVariantGroup section */

/* Begin XCBuildConfiguration section */
		CD0D00FD25EA32E0004F5AD1 /* Debug */ = {
			isa = XCBuildConfiguration;
			buildSettings = {
				ALWAYS_SEARCH_USER_PATHS = NO;
				CLANG_ANALYZER_NONNULL = YES;
				CLANG_ANALYZER_NUMBER_OBJECT_CONVERSION = YES_AGGRESSIVE;
				CLANG_CXX_LANGUAGE_STANDARD = "gnu++14";
				CLANG_CXX_LIBRARY = "libc++";
				CLANG_ENABLE_MODULES = YES;
				CLANG_ENABLE_OBJC_ARC = YES;
				CLANG_ENABLE_OBJC_WEAK = YES;
				CLANG_WARN_BLOCK_CAPTURE_AUTORELEASING = YES;
				CLANG_WARN_BOOL_CONVERSION = YES;
				CLANG_WARN_COMMA = YES;
				CLANG_WARN_CONSTANT_CONVERSION = YES;
				CLANG_WARN_DEPRECATED_OBJC_IMPLEMENTATIONS = YES;
				CLANG_WARN_DIRECT_OBJC_ISA_USAGE = YES_ERROR;
				CLANG_WARN_DOCUMENTATION_COMMENTS = YES;
				CLANG_WARN_EMPTY_BODY = YES;
				CLANG_WARN_ENUM_CONVERSION = YES;
				CLANG_WARN_INFINITE_RECURSION = YES;
				CLANG_WARN_INT_CONVERSION = YES;
				CLANG_WARN_NON_LITERAL_NULL_CONVERSION = YES;
				CLANG_WARN_OBJC_IMPLICIT_RETAIN_SELF = YES;
				CLANG_WARN_OBJC_LITERAL_CONVERSION = YES;
				CLANG_WARN_OBJC_ROOT_CLASS = YES_ERROR;
				CLANG_WARN_QUOTED_INCLUDE_IN_FRAMEWORK_HEADER = YES;
				CLANG_WARN_RANGE_LOOP_ANALYSIS = YES;
				CLANG_WARN_STRICT_PROTOTYPES = YES;
				CLANG_WARN_SUSPICIOUS_MOVE = YES;
				CLANG_WARN_UNGUARDED_AVAILABILITY = YES_AGGRESSIVE;
				CLANG_WARN_UNREACHABLE_CODE = YES;
				CLANG_WARN__DUPLICATE_METHOD_MATCH = YES;
				COPY_PHASE_STRIP = NO;
				DEBUG_INFORMATION_FORMAT = dwarf;
				ENABLE_STRICT_OBJC_MSGSEND = YES;
				ENABLE_TESTABILITY = YES;
				GCC_C_LANGUAGE_STANDARD = gnu11;
				GCC_DYNAMIC_NO_PIC = NO;
				GCC_NO_COMMON_BLOCKS = YES;
				GCC_OPTIMIZATION_LEVEL = 0;
				GCC_PREPROCESSOR_DEFINITIONS = (
					"DEBUG=1",
					"$(inherited)",
				);
				GCC_WARN_64_TO_32_BIT_CONVERSION = YES;
				GCC_WARN_ABOUT_RETURN_TYPE = YES_ERROR;
				GCC_WARN_UNDECLARED_SELECTOR = YES;
				GCC_WARN_UNINITIALIZED_AUTOS = YES_AGGRESSIVE;
				GCC_WARN_UNUSED_FUNCTION = YES;
				GCC_WARN_UNUSED_VARIABLE = YES;
				IPHONEOS_DEPLOYMENT_TARGET = 14.0;
				MTL_ENABLE_DEBUG_INFO = INCLUDE_SOURCE;
				MTL_FAST_MATH = YES;
				ONLY_ACTIVE_ARCH = YES;
				SDKROOT = iphoneos;
				SWIFT_ACTIVE_COMPILATION_CONDITIONS = DEBUG;
				SWIFT_OPTIMIZATION_LEVEL = "-Onone";
			};
			name = Debug;
		};
		CD0D00FE25EA32E0004F5AD1 /* Release */ = {
			isa = XCBuildConfiguration;
			buildSettings = {
				ALWAYS_SEARCH_USER_PATHS = NO;
				CLANG_ANALYZER_NONNULL = YES;
				CLANG_ANALYZER_NUMBER_OBJECT_CONVERSION = YES_AGGRESSIVE;
				CLANG_CXX_LANGUAGE_STANDARD = "gnu++14";
				CLANG_CXX_LIBRARY = "libc++";
				CLANG_ENABLE_MODULES = YES;
				CLANG_ENABLE_OBJC_ARC = YES;
				CLANG_ENABLE_OBJC_WEAK = YES;
				CLANG_WARN_BLOCK_CAPTURE_AUTORELEASING = YES;
				CLANG_WARN_BOOL_CONVERSION = YES;
				CLANG_WARN_COMMA = YES;
				CLANG_WARN_CONSTANT_CONVERSION = YES;
				CLANG_WARN_DEPRECATED_OBJC_IMPLEMENTATIONS = YES;
				CLANG_WARN_DIRECT_OBJC_ISA_USAGE = YES_ERROR;
				CLANG_WARN_DOCUMENTATION_COMMENTS = YES;
				CLANG_WARN_EMPTY_BODY = YES;
				CLANG_WARN_ENUM_CONVERSION = YES;
				CLANG_WARN_INFINITE_RECURSION = YES;
				CLANG_WARN_INT_CONVERSION = YES;
				CLANG_WARN_NON_LITERAL_NULL_CONVERSION = YES;
				CLANG_WARN_OBJC_IMPLICIT_RETAIN_SELF = YES;
				CLANG_WARN_OBJC_LITERAL_CONVERSION = YES;
				CLANG_WARN_OBJC_ROOT_CLASS = YES_ERROR;
				CLANG_WARN_QUOTED_INCLUDE_IN_FRAMEWORK_HEADER = YES;
				CLANG_WARN_RANGE_LOOP_ANALYSIS = YES;
				CLANG_WARN_STRICT_PROTOTYPES = YES;
				CLANG_WARN_SUSPICIOUS_MOVE = YES;
				CLANG_WARN_UNGUARDED_AVAILABILITY = YES_AGGRESSIVE;
				CLANG_WARN_UNREACHABLE_CODE = YES;
				CLANG_WARN__DUPLICATE_METHOD_MATCH = YES;
				COPY_PHASE_STRIP = NO;
				DEBUG_INFORMATION_FORMAT = "dwarf-with-dsym";
				ENABLE_NS_ASSERTIONS = NO;
				ENABLE_STRICT_OBJC_MSGSEND = YES;
				GCC_C_LANGUAGE_STANDARD = gnu11;
				GCC_NO_COMMON_BLOCKS = YES;
				GCC_WARN_64_TO_32_BIT_CONVERSION = YES;
				GCC_WARN_ABOUT_RETURN_TYPE = YES_ERROR;
				GCC_WARN_UNDECLARED_SELECTOR = YES;
				GCC_WARN_UNINITIALIZED_AUTOS = YES_AGGRESSIVE;
				GCC_WARN_UNUSED_FUNCTION = YES;
				GCC_WARN_UNUSED_VARIABLE = YES;
				IPHONEOS_DEPLOYMENT_TARGET = 14.0;
				MTL_ENABLE_DEBUG_INFO = NO;
				MTL_FAST_MATH = YES;
				SDKROOT = iphoneos;
				SWIFT_COMPILATION_MODE = wholemodule;
				SWIFT_OPTIMIZATION_LEVEL = "-O";
				VALIDATE_PRODUCT = YES;
			};
			name = Release;
		};
		CD0D010025EA32E0004F5AD1 /* Debug */ = {
			isa = XCBuildConfiguration;
			buildSettings = {
				ASSETCATALOG_COMPILER_APPICON_NAME = AppIcon;
				ASSETCATALOG_COMPILER_GLOBAL_ACCENT_COLOR_NAME = AccentColor;
				CODE_SIGN_STYLE = Automatic;
				DEVELOPMENT_TEAM = 34XCG4MM64;
				INFOPLIST_FILE = uLessoniOS/Info.plist;
				LD_RUNPATH_SEARCH_PATHS = (
					"$(inherited)",
					"@executable_path/Frameworks",
				);
				PRODUCT_BUNDLE_IDENTIFIER = mojisola.uLessoniOS;
				PRODUCT_NAME = "$(TARGET_NAME)";
				SWIFT_VERSION = 5.0;
				TARGETED_DEVICE_FAMILY = "1,2";
			};
			name = Debug;
		};
		CD0D010125EA32E0004F5AD1 /* Release */ = {
			isa = XCBuildConfiguration;
			buildSettings = {
				ASSETCATALOG_COMPILER_APPICON_NAME = AppIcon;
				ASSETCATALOG_COMPILER_GLOBAL_ACCENT_COLOR_NAME = AccentColor;
				CODE_SIGN_STYLE = Automatic;
				DEVELOPMENT_TEAM = 34XCG4MM64;
				INFOPLIST_FILE = uLessoniOS/Info.plist;
				LD_RUNPATH_SEARCH_PATHS = (
					"$(inherited)",
					"@executable_path/Frameworks",
				);
				PRODUCT_BUNDLE_IDENTIFIER = mojisola.uLessoniOS;
				PRODUCT_NAME = "$(TARGET_NAME)";
				SWIFT_VERSION = 5.0;
				TARGETED_DEVICE_FAMILY = "1,2";
			};
			name = Release;
		};
/* End XCBuildConfiguration section */

/* Begin XCConfigurationList section */
		CD0D00E625EA32DE004F5AD1 /* Build configuration list for PBXProject "uLessoniOS" */ = {
			isa = XCConfigurationList;
			buildConfigurations = (
				CD0D00FD25EA32E0004F5AD1 /* Debug */,
				CD0D00FE25EA32E0004F5AD1 /* Release */,
			);
			defaultConfigurationIsVisible = 0;
			defaultConfigurationName = Release;
		};
		CD0D00FF25EA32E0004F5AD1 /* Build configuration list for PBXNativeTarget "uLessoniOS" */ = {
			isa = XCConfigurationList;
			buildConfigurations = (
				CD0D010025EA32E0004F5AD1 /* Debug */,
				CD0D010125EA32E0004F5AD1 /* Release */,
			);
			defaultConfigurationIsVisible = 0;
			defaultConfigurationName = Release;
		};
/* End XCConfigurationList section */
	};
	rootObject = CD0D00E325EA32DE004F5AD1 /* Project object */;
}
